
Microsoft Visual Studio Solution File, Format Version 12.00
# Visual Studio Version 16
VisualStudioVersion = 16.0.32126.315
MinimumVisualStudioVersion = 10.0.40219.1
Project("{9A19103F-16F7-4668-BE54-9A1E7A4F7556}") = "StoreManagement", "StoreManagement\StoreManagement.csproj", "{6BD3C68E-3892-48BF-A6C5-700053C35EE9}"
EndProject
Global
	GlobalSection(SolutionConfigurationPlatforms) = preSolution
		Debug|Any CPU = Debug|Any CPU
		Release|Any CPU = Release|Any CPU
	EndGlobalSection
	GlobalSection(ProjectConfigurationPlatforms) = postSolution
		{6BD3C68E-3892-48BF-A6C5-700053C35EE9}.Debug|Any CPU.ActiveCfg = Debug|Any CPU
		{6BD3C68E-3892-48BF-A6C5-700053C35EE9}.Debug|Any CPU.Build.0 = Debug|Any CPU
		{6BD3C68E-3892-48BF-A6C5-700053C35EE9}.Release|Any CPU.ActiveCfg = Release|Any CPU
		{6BD3C68E-3892-48BF-A6C5-700053C35EE9}.Release|Any CPU.Build.0 = Release|Any CPU
	EndGlobalSection
	GlobalSection(SolutionProperties) = preSolution
		HideSolutionNode = FALSE
	EndGlobalSection
	GlobalSection(ExtensibilityGlobals) = postSolution
		SolutionGuid = {251B2ED0-205B-4358-9322-F19F5FB949B9}
	EndGlobalSection
EndGlobal
